{
  "_meta": {
    "hash": {
      "sha256": "a01616df5a4b569da3c7f42fbd08463f55081e653e132b024d227c8f60c48304"
    },
    "pipfile-spec": 6,
    "requires": {
      "python_version": "3.9.10"
    },
    "sources": [
      {
        "name": "pypi",
        "url": "https://pypi.org/simple",
        "verify_ssl": true
      }
    ]
  },
  "default": {
    "beautifulsoup4": {
      "hashes": [
        "sha256:034740f6cb549b4e932ae1ab975581e6103ac8f942200a0e9759065984391858",
        "sha256:945065979fb8529dd2f37dbb58f00b661bdbcbebf954f93b32fdf5263ef35348",
        "sha256:ba6d5c59906a85ac23dadfe5c88deaf3e179ef565f4898671253e50a78680718"
      ],
      "index": "pypi",
      "version": "==4.7.1"
    },
    "blis": {
      "hashes": [
        "sha256:0c3245e42c7c6ba0d68d7dff4171d11bb08174e639bc8edd52a1fd831de1d903",
        "sha256:0f7bfdee74ac695c35360ace00f2630c1b47406dc0b99ba9211bfa8588bfbed9",
        "sha256:159a1a9b32213d99d1415789ac66ed8d23442a696d9d376c66d7b791d3eae575",
        "sha256:17df5ac7d9a9dbbf0415f8f8392fbdf1790fa394f89d695bae5e2e7e361c852b",
        "sha256:1e970ba1eb12ca38fb5d57f379472125bc3f5106c8214dc847fe79b027212135",
        "sha256:1f5fa330ab66d0e92a845b1db361ec8bf3dc4bc7e0dc0ded94f36b8e9f731650",
        "sha256:2056b0d9722f5505cfa94904c6248021197c63ecf45804dcf117f8f1c6160ab6",
        "sha256:25cdb9775699c1b926df514a5d4c28016c11722a66211f1024b2f21373f50de2",
        "sha256:2778fe0ba0e25c157839fdd19ed66b9a340c92d4e92e707b7fa9aa21c51cb254",
        "sha256:294421b720c2de904908de841464c667e1a5c5e9f3db6931dfa29cf369d3653a",
        "sha256:2db369a4f95927be37e11790dd1ccbf99fd6201eaffbcf408546db847b7b5740",
        "sha256:354cadff661a1452c886f541b84018770ddb4c134844c56e7c1a30aa4bcc473d",
        "sha256:4e7b7b8bc8cf5e82958bbc393e0167318a930d394cbbf04c1ba18cfabaef5818",
        "sha256:63735128c9cae44dc6cbf7557327385df0c4ed2dc2c45a00dabfde1e4d00802d",
        "sha256:66b8ca1a2eb8f1e0563a592aae4b8682b66189ad560e3b8221d93eab0cb76582",
        "sha256:90f17543e0aa3bc379d139867467df2c365ffaf5b61988de12dbba6dbbc9fab4",
        "sha256:95d22d3007cb454d11a478331690629861f7d40b4668f9fccfd13b6507ed099b",
        "sha256:96ff4c0c1ceab9f94c14b3281f3cef82f593c48c3b5f6169bd51cdcd315e0a6e",
        "sha256:ae5b06fe3b94645ac5d93cbc7c0129639cc3e0d50b4efb361a20a9e160277a92",
        "sha256:bf60f634481c3d0faf831ac4f2d1c75343e98f714dc88e3fb3c329758577e772",
        "sha256:bfa56e7ef14ae607d8444eb344d22f252a2e0b0f9bfa4bdc9b0c48a9f96b5461",
        "sha256:cac120e3c0517095d3c39278e8b6b1102b1add0e1f4e161a87f313d8ee7c12e1",
        "sha256:f576ad64b772b6fd7df6ef94986235f321983dc870d0f76d78c931bafc41cfa4",
        "sha256:f7d541bb06323aa350163ba4a3ad00e8effb3b53d4c58ee6228224f3928b6c57"
      ],
      "version": "==0.7.8"
    },
    "catalogue": {
      "hashes": [
        "sha256:2d786e229d8d202b4f8a2a059858e45a2331201d831e39746732daa704b99f69",
        "sha256:b325c77659208bfb6af1b0d93b1a1aa4112e1bb29a4c5ced816758a722f0e388"
      ],
      "markers": "python_version >= '3.6'",
      "version": "==2.0.8"
    },
    "certifi": {
      "hashes": [
        "sha256:0d9c601124e5a6ba9712dbc60d9c53c21e34f5f641fe83002317394311bdce14",
        "sha256:90c1a32f1d68f940488354e36370f6cca89f0f106db09518524c88d6ed83f382"
      ],
      "markers": "python_version >= '3.6'",
      "version": "==2022.9.24"
    },
    "charset-normalizer": {
      "hashes": [
        "sha256:5a3d016c7c547f69d6f81fb0db9449ce888b418b5b9952cc5e6e66843e9dd845",
        "sha256:83e9a75d1911279afd89352c68b45348559d1fc0506b054b346651b5e7fee29f"
      ],
      "markers": "python_version >= '3.6'",
      "version": "==2.1.1"
    },
    "click": {
      "hashes": [
        "sha256:7682dc8afb30297001674575ea00d1814d808d6a36af415a82bd481d37ba7b8e",
        "sha256:bb4d8133cb15a609f44e8213d9b391b0809795062913b383c62be0ee95b1db48"
      ],
      "markers": "python_version >= '3.7'",
      "version": "==8.1.3"
    },
    "confection": {
      "hashes": [
        "sha256:1833a11052db95f212b447009e3d0dd6f09a9ad38228054cefe0daf540134792",
        "sha256:20663e54b472d77f2add23c2bc2ecad33b9fcb3c3679d303b74003ad45ff5927"
      ],
      "markers": "python_version >= '3.6'",
      "version": "==0.0.2"
    },
    "cymem": {
      "hashes": [
        "sha256:04676d696596b0db3f3c5a3936bab12fb6f24278921a6622bb185e61765b2b4d",
        "sha256:169725b5816959d34de2545b33fee6a8021a6e08818794a426c5a4f981f17e5e",
        "sha256:228bd261a85d92d870ed358f263ee028ac026302304f2186827377a3895c5819",
        "sha256:2aa3fa467d906cd2c27fa0a2e2952dd7925f5fcc7973fab6d815ef6acb25aad8",
        "sha256:38b51ac23f914d85b197dbd0fb2d3e2de9bf6112b9b30f16b45dbb6c9b4e509d",
        "sha256:4749f220e4c06ec44eb10de13794ff0508cdc4f8eff656cf49cab2cdb3122c0c",
        "sha256:492084aef23ac2ff3da3729e9d36340bc91a96c2dc8c3a82a1926e384ab52412",
        "sha256:4f87fe087f2ae36c3e20e2b1a29d7f76a28c035372d0a97655f26223d975235a",
        "sha256:5d631239bfb07293ee444b269656308da952b6b003b12332ccb1c624dbfcda4b",
        "sha256:6b0d1a6b0a1296f31fa9e4b7ae5ea49394084ecc883b1ae6fec4844403c43468",
        "sha256:700540b68e96a7056d0691d467df2bbaaf0934a3e6fe2383669998cbee19580a",
        "sha256:971cf0a8437dfb4185c3049c086e463612fe849efadc0f5cc153fc81c501da7d",
        "sha256:a261f51796a2705f3900ed22b8442519a0f230f50a816fb5bd89cb9b027dc5ac",
        "sha256:a93fba62fe79dbf6fc4d5b6d804a6e114b44af3ff3d40a28833ee39f21bd336b",
        "sha256:af3c01e6b20f9e6c07c7d7cdb7f710e49889d3906c9a3e039546ee6636a34b9a",
        "sha256:b8e1c18bb00800425576710468299153caad20c64ddb6819d40a6a34e21ee21c",
        "sha256:c59293b232b53ebb47427f16cf648e937022f489cff36c11d1d8a1f0075b6609",
        "sha256:c59ca1072769cb6c3eade59de9e080ff2cecde0122f7e0ca0dc9ef2ed9240f0e",
        "sha256:cd818356b635d8ae546e152a6f2b95f00e959d128a16155c275b0c202cd6312b",
        "sha256:d4dc378fb9dda3b0529361fe32cfe1a6de0fc16bb40c710aaec8d217534928d2",
        "sha256:d7a59cef8f2fa25d12e2c30138f8623acbd43ad2715e730a709e49c5eef8e1b0",
        "sha256:dd52d8a81881804625df88453611175ab7e0099b34f52204da1f6940cf2e83c9",
        "sha256:ea535f74ab6024e7416f93de564e5c81fb7c0964b96280de66f60aeb05f0cf53",
        "sha256:ee73a48c5a7e0f2acf6830ddc958ffafd7a614cfb79d14017a459bc7a7145ecd"
      ],
      "version": "==2.0.6"
    },
    "geonamescache": {
      "hashes": [
        "sha256:5a1fc774a3282d324952b87eb5c2c13684055e68e829526909c76c2fffb84f8f",
        "sha256:efa1dd28a87632303c5d882cc52718f04cf28e85f1cc7d6afdf8a6ba7c5ab1dc"
      ],
      "index": "pypi",
      "version": "==1.3.0"
    },
    "idna": {
      "hashes": [
        "sha256:814f528e8dead7d329833b91c5faa87d60bf71824cd12a7530b5526063d02cb4",
        "sha256:90b77e79eaa3eba6de819a0c442c0b4ceefc341a7a2ab77d7562bf49f425c5c2"
      ],
      "markers": "python_version >= '3.5'",
      "version": "==3.4"
    },
    "jinja2": {
      "hashes": [
        "sha256:31351a702a408a9e7595a8fc6150fc3f43bb6bf7e319770cbc0db9df9437e852",
        "sha256:6088930bfe239f0e6710546ab9c19c9ef35e29792895fed6e6e31a023a182a61"
      ],
      "markers": "python_version >= '3.7'",
      "version": "==3.1.2"
    },
    "langcodes": {
      "hashes": [
        "sha256:4d89fc9acb6e9c8fdef70bcdf376113a3db09b67285d9e1d534de6d8818e7e69",
        "sha256:794d07d5a28781231ac335a1561b8442f8648ca07cd518310aeb45d6f0807ef6"
      ],
      "markers": "python_version >= '3.6'",
      "version": "==3.3.0"
    },
    "markupsafe": {
      "hashes": [
        "sha256:0212a68688482dc52b2d45013df70d169f542b7394fc744c02a57374a4207003",
        "sha256:089cf3dbf0cd6c100f02945abeb18484bd1ee57a079aefd52cffd17fba910b88",
        "sha256:10c1bfff05d95783da83491be968e8fe789263689c02724e0c691933c52994f5",
        "sha256:33b74d289bd2f5e527beadcaa3f401e0df0a89927c1559c8566c066fa4248ab7",
        "sha256:3799351e2336dc91ea70b034983ee71cf2f9533cdff7c14c90ea126bfd95d65a",
        "sha256:3ce11ee3f23f79dbd06fb3d63e2f6af7b12db1d46932fe7bd8afa259a5996603",
        "sha256:421be9fbf0ffe9ffd7a378aafebbf6f4602d564d34be190fc19a193232fd12b1",
        "sha256:43093fb83d8343aac0b1baa75516da6092f58f41200907ef92448ecab8825135",
        "sha256:46d00d6cfecdde84d40e572d63735ef81423ad31184100411e6e3388d405e247",
        "sha256:4a33dea2b688b3190ee12bd7cfa29d39c9ed176bda40bfa11099a3ce5d3a7ac6",
        "sha256:4b9fe39a2ccc108a4accc2676e77da025ce383c108593d65cc909add5c3bd601",
        "sha256:56442863ed2b06d19c37f94d999035e15ee982988920e12a5b4ba29b62ad1f77",
        "sha256:671cd1187ed5e62818414afe79ed29da836dde67166a9fac6d435873c44fdd02",
        "sha256:694deca8d702d5db21ec83983ce0bb4b26a578e71fbdbd4fdcd387daa90e4d5e",
        "sha256:6a074d34ee7a5ce3effbc526b7083ec9731bb3cbf921bbe1d3005d4d2bdb3a63",
        "sha256:6d0072fea50feec76a4c418096652f2c3238eaa014b2f94aeb1d56a66b41403f",
        "sha256:6fbf47b5d3728c6aea2abb0589b5d30459e369baa772e0f37a0320185e87c980",
        "sha256:7f91197cc9e48f989d12e4e6fbc46495c446636dfc81b9ccf50bb0ec74b91d4b",
        "sha256:86b1f75c4e7c2ac2ccdaec2b9022845dbb81880ca318bb7a0a01fbf7813e3812",
        "sha256:8dc1c72a69aa7e082593c4a203dcf94ddb74bb5c8a731e4e1eb68d031e8498ff",
        "sha256:8e3dcf21f367459434c18e71b2a9532d96547aef8a871872a5bd69a715c15f96",
        "sha256:8e576a51ad59e4bfaac456023a78f6b5e6e7651dcd383bcc3e18d06f9b55d6d1",
        "sha256:96e37a3dc86e80bf81758c152fe66dbf60ed5eca3d26305edf01892257049925",
        "sha256:97a68e6ada378df82bc9f16b800ab77cbf4b2fada0081794318520138c088e4a",
        "sha256:99a2a507ed3ac881b975a2976d59f38c19386d128e7a9a18b7df6fff1fd4c1d6",
        "sha256:a49907dd8420c5685cfa064a1335b6754b74541bbb3706c259c02ed65b644b3e",
        "sha256:b09bf97215625a311f669476f44b8b318b075847b49316d3e28c08e41a7a573f",
        "sha256:b7bd98b796e2b6553da7225aeb61f447f80a1ca64f41d83612e6139ca5213aa4",
        "sha256:b87db4360013327109564f0e591bd2a3b318547bcef31b468a92ee504d07ae4f",
        "sha256:bcb3ed405ed3222f9904899563d6fc492ff75cce56cba05e32eff40e6acbeaa3",
        "sha256:d4306c36ca495956b6d568d276ac11fdd9c30a36f1b6eb928070dc5360b22e1c",
        "sha256:d5ee4f386140395a2c818d149221149c54849dfcfcb9f1debfe07a8b8bd63f9a",
        "sha256:dda30ba7e87fbbb7eab1ec9f58678558fd9a6b8b853530e176eabd064da81417",
        "sha256:e04e26803c9c3851c931eac40c695602c6295b8d432cbe78609649ad9bd2da8a",
        "sha256:e1c0b87e09fa55a220f058d1d49d3fb8df88fbfab58558f1198e08c1e1de842a",
        "sha256:e72591e9ecd94d7feb70c1cbd7be7b3ebea3f548870aa91e2732960fa4d57a37",
        "sha256:e8c843bbcda3a2f1e3c2ab25913c80a3c5376cd00c6e8c4a86a89a28c8dc5452",
        "sha256:efc1913fd2ca4f334418481c7e595c00aad186563bbc1ec76067848c7ca0a933",
        "sha256:f121a1420d4e173a5d96e47e9a0c0dcff965afdf1626d28de1460815f7c4ee7a",
        "sha256:fc7b548b17d238737688817ab67deebb30e8073c95749d55538ed473130ec0c7"
      ],
      "markers": "python_version >= '3.7'",
      "version": "==2.1.1"
    },
    "murmurhash": {
      "hashes": [
        "sha256:1b3d584705bf7be487c09a79f35a45a45f9b2a8a2120ccca47692d24bc6329ff",
        "sha256:1fd2dac6ea401310d1245f68a758ff86bc58ba28fe3ec41c3fec42d4cea249a0",
        "sha256:262abc461353bcd724daef11aa236fed95ce2c5642847fe18f835721ae0356d6",
        "sha256:2d001688bd2106fbd84a99d4c0292339de7a0a96c8516596032a3e9389adba25",
        "sha256:341a499cb30fae9f305479650728d832744a2e37f8e7fbdbfaedd8676b4e822d",
        "sha256:37c8207377110fa791051e2998d6d8d84d0a066010be9e8e41d1af1c41a65f14",
        "sha256:43d161ecdc1923ec401efb4e78d1da848c4aa957a49c08c29af276a7696c5336",
        "sha256:469a5c8959988ce8c395be2c623a45df8112783d87445b6a230596807e7786d2",
        "sha256:60637d74c73be1259d9c07d03726b75907ad9e8dd47f946b21244113cdc52843",
        "sha256:66857bf301c676917d7ceba3fa42fb82aa34605d6b9788612c532bc6d69af9f9",
        "sha256:67d48fc47edc40fef9eb19c6e9ee3d4321f864a3d6566217812615c79fa4ff16",
        "sha256:79a3ef14cab2bdc2cf4814eb30d8237d28ddc9e6fd1859d3d61857162979a630",
        "sha256:88c569636b0bad29a3854f1d324636e0561423da75ef6e5bc5b363f8d2143692",
        "sha256:88eb9b866d2e6690249eb305cce509eeffbf2a59c42eb47e8aab6a3b46bd4a54",
        "sha256:8bb03aad842837a64b0c1d2ed22b50eba85f9fa51476c8bc0a77c366a979f1f3",
        "sha256:97231ac1f42d29b6e1a3e2e8d23ab32deb37ccd55b00554d74e4bd8f0e73b7d7",
        "sha256:9fe289e88b18b388d6029a17839113a6090ead3b04c904cba0b64961f0db7d02",
        "sha256:aaa8df50c83468a6be52e29a85d7d54b981b43cd1c9b501b3a2d80acbe87283e",
        "sha256:ac0701b6823a8a88412c2a1410b1afbd25ee20666ea9d4ad1d3016c7d55ac433",
        "sha256:b9bab3d46076ac65b38e9f2823ce3e45d7a2a798e3dd466eb594de1802732979",
        "sha256:bafe99db2f05d8ecd9b39250cf37f561b4281d081b7c10bd283d6c1fd685bedf",
        "sha256:bd4584443731a9d73b87970f9b08c86162d35acc48b63c78cf215bcebeb8b5b0",
        "sha256:cbf5b97feaba000df8e5b16ce23e426ea9b52e0e442e6451b4687b6f7797804e",
        "sha256:d3d64b6a24203da05964c708856f2ff46653dbd115d3bba326e0c6dc1d4ea511",
        "sha256:d55e956cebe38ef96360949b130cbfb605c3ffc04e3b770c6e0299308c46c880"
      ],
      "markers": "python_version >= '3.6'",
      "version": "==1.0.8"
    },
    "numpy": {
      "hashes": [
        "sha256:004f0efcb2fe1c0bd6ae1fcfc69cc8b6bf2407e0f18be308612007a0762b4089",
        "sha256:09f6b7bdffe57fc61d869a22f506049825d707b288039d30f26a0d0d8ea05164",
        "sha256:0ea3f98a0ffce3f8f57675eb9119f3f4edb81888b6874bc1953f91e0b1d4f440",
        "sha256:17c0e467ade9bda685d5ac7f5fa729d8d3e76b23195471adae2d6a6941bd2c18",
        "sha256:1f27b5322ac4067e67c8f9378b41c746d8feac8bdd0e0ffede5324667b8a075c",
        "sha256:22d43376ee0acd547f3149b9ec12eec2f0ca4a6ab2f61753c5b29bb3e795ac4d",
        "sha256:2ad3ec9a748a8943e6eb4358201f7e1c12ede35f510b1a2221b70af4bb64295c",
        "sha256:301c00cf5e60e08e04d842fc47df641d4a181e651c7135c50dc2762ffe293dbd",
        "sha256:39a664e3d26ea854211867d20ebcc8023257c1800ae89773cbba9f9e97bae036",
        "sha256:51bf49c0cd1d52be0a240aa66f3458afc4b95d8993d2d04f0d91fa60c10af6cd",
        "sha256:78a63d2df1d947bd9d1b11d35564c2f9e4b57898aae4626638056ec1a231c40c",
        "sha256:7cd1328e5bdf0dee621912f5833648e2daca72e3839ec1d6695e91089625f0b4",
        "sha256:8355fc10fd33a5a70981a5b8a0de51d10af3688d7a9e4a34fcc8fa0d7467bb7f",
        "sha256:8c79d7cf86d049d0c5089231a5bcd31edb03555bd93d81a16870aa98c6cfb79d",
        "sha256:91b8d6768a75247026e951dce3b2aac79dc7e78622fc148329135ba189813584",
        "sha256:94c15ca4e52671a59219146ff584488907b1f9b3fc232622b47e2cf832e94fb8",
        "sha256:98dcbc02e39b1658dc4b4508442a560fe3ca5ca0d989f0df062534e5ca3a5c1a",
        "sha256:a64403f634e5ffdcd85e0b12c08f04b3080d3e840aef118721021f9b48fc1460",
        "sha256:bc6e8da415f359b578b00bcfb1d08411c96e9a97f9e6c7adada554a0812a6cc6",
        "sha256:bdc9febce3e68b697d931941b263c59e0c74e8f18861f4064c1f712562903411",
        "sha256:c1ba66c48b19cc9c2975c0d354f24058888cdc674bebadceb3cdc9ec403fb5d1",
        "sha256:c9f707b5bb73bf277d812ded9896f9512a43edff72712f31667d0a8c2f8e71ee",
        "sha256:d5422d6a1ea9b15577a9432e26608c73a78faf0b9039437b075cf322c92e98e7",
        "sha256:e5d5420053bbb3dd64c30e58f9363d7a9c27444c3648e61460c1237f9ec3fa14",
        "sha256:e868b0389c5ccfc092031a861d4e158ea164d8b7fdbb10e3b5689b4fc6498df6",
        "sha256:efd9d3abe5774404becdb0748178b48a218f1d8c44e0375475732211ea47c67e",
        "sha256:f8c02ec3c4c4fcb718fdf89a6c6f709b14949408e8cf2a2be5bfa9c49548fd85",
        "sha256:ffcf105ecdd9396e05a8e58e81faaaf34d3f9875f137c7372450baa5d77c9a54"
      ],
      "markers": "python_version >= '3.8'",
      "version": "==1.23.3"
    },
    "packaging": {
      "hashes": [
        "sha256:dd47c42927d89ab911e606518907cc2d3a1f38bbd026385970643f9c5b8ecfeb",
        "sha256:ef103e05f519cdc783ae24ea4e2e0f508a9c99b2d4969652eed6a2e1ea5bd522"
      ],
      "markers": "python_version >= '3.6'",
      "version": "==21.3"
    },
    "pathy": {
      "hashes": [
        "sha256:3178215bdadf3741107d987020be0fb5b59888f60f96de43cce5fe45d9d4b64a",
        "sha256:a7aa9794fade161bb4c28a33c5bc2c6bf41f61ec5eee51cfa8914f0a433447e1"
      ],
      "markers": "python_version >= '3.6'",
      "version": "==0.6.2"
    },
    "preshed": {
      "hashes": [
        "sha256:0435d4647037fc534bf1bdcf87fdbf206a935abe5e68c9814277090c62e6b6ef",
        "sha256:06be22a8a2757e61b2c3cc854e9c2d2361fb3b6528deb2af5b5079e6da670405",
        "sha256:0feae8cfcf46fb97cd8118d150245ae31c68ca9c68e514ab33e1e33a90eee459",
        "sha256:13140808a56ce67e30579a40e293d16dedeb85fd56c74cd024c44f7a9f966432",
        "sha256:1573d42bdec168081242ec88d40288000f84a5afb66a60517e4220950fe62f17",
        "sha256:1acc514a41142a086c2ebc19cd368534e27337511b3a2936c28455e0b42f3eb3",
        "sha256:24935553ff18f39195b468984d784b2bb7825b6f43385a2d0d05b02e55090815",
        "sha256:3741b459f50dde7a22b88d75d1fc4a7e6e36402db43c4f690df44e966ff1bd54",
        "sha256:37900e1e923a35fc15f56cd02f4a899e5903790113256fedbf527a5b3f8e2214",
        "sha256:39cd2a0ab1adb11452c617831ea0ccea7d1712f2812d1744738735987513113a",
        "sha256:3b1d747ab1e233bc4bccdc4baee7531c5661459d7a8d67845833f7c857b371fb",
        "sha256:3e7022fe473e677088cda6e0538669fe240943e3eb7ff88447d690a52c6d87ce",
        "sha256:4a5825b80a450198cb582b3b4004c95e9d4eca268e89c126a9d71e8f26b69338",
        "sha256:4a99d4f46a4e317245f2370eb13d0e3c6747f66752a8d88dbc9284f4fd25e05f",
        "sha256:5eeafb832009a3e1ed92a412f19499c86e687308d6d56617772d42ee4de26ccf",
        "sha256:6e1b61c9797443ee42cb314c91ab178791b80397c2e98410f5173806604458b1",
        "sha256:6e518275d1b84bed779ddc69eabeb9283bf5f9f5482bcaf1b099d2877b050a0d",
        "sha256:7cc3166ed48d603131912da40a7638b3655d6990032a770303346e2f5f4154d4",
        "sha256:7f97c3d2dc9713139cc096af9e4455ced33f9e90ce9d29f739db5adff6ae6a06",
        "sha256:8d57469e5e52d37342588804d3ce70128ab42f42e5babaeea0d29d3609ce7b30",
        "sha256:9785e3de0dca8f4d6040eba89e50e72012ce94d269583502d14f958624daea73",
        "sha256:9c700a0744f5ede86ff8754522bd54f92f5b75f58046bc3f17c60d1c25529f41",
        "sha256:a9ed0dc685aa058a1a76111f476715ccfb4df12800c3681e401d6af7384f570d",
        "sha256:ab4168fe1d31707e3473d1bb57d3c88dac9151b3cbe61d22f14bf691e04aaa1b",
        "sha256:d2cc8d8df139d5935464530d45ff0e1209752e9748792cdf774b5d5fc230c07a"
      ],
      "markers": "python_version >= '3.6'",
      "version": "==3.0.7"
    },
    "pydantic": {
      "hashes": [
        "sha256:1061c6ee6204f4f5a27133126854948e3b3d51fcc16ead2e5d04378c199b2f44",
        "sha256:19b5686387ea0d1ea52ecc4cffb71abb21702c5e5b2ac626fd4dbaa0834aa49d",
        "sha256:2bd446bdb7755c3a94e56d7bdfd3ee92396070efa8ef3a34fab9579fe6aa1d84",
        "sha256:328558c9f2eed77bd8fffad3cef39dbbe3edc7044517f4625a769d45d4cf7555",
        "sha256:32e0b4fb13ad4db4058a7c3c80e2569adbd810c25e6ca3bbd8b2a9cc2cc871d7",
        "sha256:3ee0d69b2a5b341fc7927e92cae7ddcfd95e624dfc4870b32a85568bd65e6131",
        "sha256:4aafd4e55e8ad5bd1b19572ea2df546ccace7945853832bb99422a79c70ce9b8",
        "sha256:4b3946f87e5cef3ba2e7bd3a4eb5a20385fe36521d6cc1ebf3c08a6697c6cfb3",
        "sha256:4de71c718c9756d679420c69f216776c2e977459f77e8f679a4a961dc7304a56",
        "sha256:5565a49effe38d51882cb7bac18bda013cdb34d80ac336428e8908f0b72499b0",
        "sha256:5803ad846cdd1ed0d97eb00292b870c29c1f03732a010e66908ff48a762f20e4",
        "sha256:5da164119602212a3fe7e3bc08911a89db4710ae51444b4224c2382fd09ad453",
        "sha256:615661bfc37e82ac677543704437ff737418e4ea04bef9cf11c6d27346606044",
        "sha256:78a4d6bdfd116a559aeec9a4cfe77dda62acc6233f8b56a716edad2651023e5e",
        "sha256:7d0f183b305629765910eaad707800d2f47c6ac5bcfb8c6397abdc30b69eeb15",
        "sha256:7ead3cd020d526f75b4188e0a8d71c0dbbe1b4b6b5dc0ea775a93aca16256aeb",
        "sha256:84d76ecc908d917f4684b354a39fd885d69dd0491be175f3465fe4b59811c001",
        "sha256:8cb0bc509bfb71305d7a59d00163d5f9fc4530f0881ea32c74ff4f74c85f3d3d",
        "sha256:91089b2e281713f3893cd01d8e576771cd5bfdfbff5d0ed95969f47ef6d676c3",
        "sha256:9c9e04a6cdb7a363d7cb3ccf0efea51e0abb48e180c0d31dca8d247967d85c6e",
        "sha256:a8c5360a0297a713b4123608a7909e6869e1b56d0e96eb0d792c27585d40757f",
        "sha256:afacf6d2a41ed91fc631bade88b1d319c51ab5418870802cedb590b709c5ae3c",
        "sha256:b34ba24f3e2d0b39b43f0ca62008f7ba962cff51efa56e64ee25c4af6eed987b",
        "sha256:bd67cb2c2d9602ad159389c29e4ca964b86fa2f35c2faef54c3eb28b4efd36c8",
        "sha256:c0f5e142ef8217019e3eef6ae1b6b55f09a7a15972958d44fbd228214cede567",
        "sha256:cdb4272678db803ddf94caa4f94f8672e9a46bae4a44f167095e4d06fec12979",
        "sha256:d70916235d478404a3fa8c997b003b5f33aeac4686ac1baa767234a0f8ac2326",
        "sha256:d8ce3fb0841763a89322ea0432f1f59a2d3feae07a63ea2c958b2315e1ae8adb",
        "sha256:e0b214e57623a535936005797567231a12d0da0c29711eb3514bc2b3cd008d0f",
        "sha256:e631c70c9280e3129f071635b81207cad85e6c08e253539467e4ead0e5b219aa",
        "sha256:e78578f0c7481c850d1c969aca9a65405887003484d24f6110458fb02cca7747",
        "sha256:f0ca86b525264daa5f6b192f216a0d1e860b7383e3da1c65a1908f9c02f42801",
        "sha256:f1a68f4f65a9ee64b6ccccb5bf7e17db07caebd2730109cb8a95863cfa9c4e55",
        "sha256:fafe841be1103f340a24977f61dee76172e4ae5f647ab9e7fd1e1fca51524f08",
        "sha256:ff68fc85355532ea77559ede81f35fff79a6a5543477e168ab3a381887caea76"
      ],
      "markers": "python_full_version >= '3.6.1'",
      "version": "==1.9.2"
    },
    "pyparsing": {
      "hashes": [
        "sha256:2b020ecf7d21b687f219b71ecad3631f644a47f01403fa1d1036b0c6416d70fb",
        "sha256:5026bae9a10eeaefb61dab2f09052b9f4307d44aee4eda64b309723d8d206bbc"
      ],
      "markers": "python_full_version >= '3.6.8'",
      "version": "==3.0.9"
    },
    "python-dotenv": {
      "hashes": [
        "sha256:32b2bdc1873fd3a3c346da1c6db83d0053c3c62f28f1f38516070c4c8971b1d3",
        "sha256:a5de49a31e953b45ff2d2fd434bbc2670e8db5273606c1e737cc6b93eff3655f"
      ],
      "index": "pypi",
      "version": "==0.19.2"
    },
    "pytube": {
      "hashes": [
        "sha256:2a32f3475f063d25e7b7a7434a93b51d59aadbbda7ed24af48f097b2876c0964",
        "sha256:9190f5e13b05a4fc1586eedd46f7164c3a4318607d455a1f7c126699ddde724f"
      ],
      "index": "pypi",
      "version": "==9.5.0"
    },
    "requests": {
      "hashes": [
        "sha256:7c5599b102feddaa661c826c56ab4fee28bfd17f5abca1ebbe3e7f19d7c97983",
        "sha256:8fefa2a1a1365bf5520aac41836fbee479da67864514bdb821f31ce07ce65349"
      ],
      "index": "pypi",
      "version": "==2.28.1"
    },
    "setuptools": {
      "hashes": [
        "sha256:2347b2b432c891a863acadca2da9ac101eae6169b1d3dfee2ec605ecd50dbfe5",
        "sha256:e4f30b9f84e5ab3decf945113119649fec09c1fc3507c6ebffec75646c56e62b"
      ],
      "index": "pypi",
      "version": "==60.9.3"
    },
    "smart-open": {
      "hashes": [
        "sha256:71d14489da58b60ce12fc3ecb823facc59a8b23cd1b58edb97175640350d3a62",
        "sha256:75abf758717a92a8f53aa96953f0c245c8cedf8e1e4184903db3659b419d4c17"
      ],
      "markers": "python_version >= '3.6' and python_version < '4.0'",
      "version": "==5.2.1"
    },
    "soupsieve": {
      "hashes": [
        "sha256:3b2503d3c7084a42b1ebd08116e5f81aadfaea95863628c80a3b774a11b7c759",
        "sha256:fc53893b3da2c33de295667a0e19f078c14bf86544af307354de5fcf12a3f30d"
      ],
      "markers": "python_version >= '3.6'",
      "version": "==2.3.2.post1"
    },
    "spacy": {
      "hashes": [
        "sha256:0720297328e32c1952a6c2eb9f5d9aa7b11b95588886c9117a7030c2dd1a0619",
        "sha256:344f262344f1c078e6159543eecc09b32b70c138deb1f9fe01c49cd89002730f",
        "sha256:3c99920830c1cbf3be169b7817863d88fa07c465540ebf0eed304ba106201cb4",
        "sha256:3caaa36f8fc95776a558ec2a4625f5cd22c1fa7990b1d9ab650709851586cec4",
        "sha256:3ccd1a9f56759e5f0f9efdf57119a06702ad59c045dde0b3830b5472593e09ef",
        "sha256:4dc6ea142866f7042a710597ad2c3939bde3486c27d0eb11fcfb079245c72cb3",
        "sha256:5b95eff2f9e012991c27e93c038ef8f3ca4132ec7e66e097833ef22f263a46da",
        "sha256:6c45fe868973dd44afa4a200f72fd2d7288548ae6bc201fc5a6d5ffb0a4949b3",
        "sha256:6d147595db91191a0a748e33629c99fb5e7849af5100237e058fd832b7254242",
        "sha256:7039fe789caa9753fa0a66b9391f0f93d49e6cb1017336c6b0842220a04346a8",
        "sha256:76ad38af7205dbc97e1a3dd0956f5d97b4d31542adbb039eb161bf5f08e386ec",
        "sha256:9c9167631733f8618f8928745fc740f3fd680994993dce2db7a4dd2b85d8919e",
        "sha256:9e631c07560457926860b1c64bf2a62e4e4c25359085024ea3847cc7e2fc39ee",
        "sha256:9ff04736c88475a950726c92a8e87ea6f42ca49ae60e0dc9612b456333f25e9c",
        "sha256:a10451847eb7983ba1fe05ab87a37367e00e2807fe633d17926626cb2dacd10f",
        "sha256:a4fa15d13ef73089680506c91e27630005537b9b68d2d4e736cec26cb29a3f47",
        "sha256:b350dc2321b4cbeac65419ec0cb0d0697f991c0a3b4ca4236438fbcce77e9421",
        "sha256:b3b336aed79d7610ad33fac1557de8b96a1421aa8c4d41604700d1eb1c7e34fd",
        "sha256:dbcf52b49a7221202f7a388993562c9dd610ed621697a4684583514aed63c06a",
        "sha256:e0bec5befbb6bbc11d4d984e8f864dcbdf9e9274dbc5dbc349b931a2dd9ec84c",
        "sha256:eb39f5551f4ef6475fa7f46fec347553680ab0e917d2a790384aa75d5797333d",
        "sha256:eca827077f32965c1931ccb34375c29a7b9c321818e1773248004719b27b008f",
        "sha256:f0b26babf0d7d9b07f8350c390b19445207a9f84cac7a81ac2b6d0cbcb47357a",
        "sha256:ff0687a6f3e822655650a5ba45af6738b879962806f09ac3903768b0b67cf415"
      ],
      "index": "pypi",
      "version": "==3.4.0"
    },
    "spacy-legacy": {
      "hashes": [
        "sha256:16104595d8ab1b7267f817a449ad1f986eb1f2a2edf1050748f08739a479679a",
        "sha256:8526a54d178dee9b7f218d43e5c21362c59056c5da23380b319b56043e9211f3"
      ],
      "markers": "python_version >= '3.6'",
      "version": "==3.0.10"
    },
    "spacy-loggers": {
      "hashes": [
        "sha256:00f6fd554db9fd1fde6501b23e1f0e72f6eef14bb1e7fc15456d11d1d2de92ca",
        "sha256:f74386b390a023f9615dcb499b7b4ad63338236a8187f0ec4dfe265a9f665ee8"
      ],
      "markers": "python_version >= '3.6'",
      "version": "==1.0.3"
    },
    "srsly": {
      "hashes": [
        "sha256:1a90233d5ef978db5887d0d159fa5652bfecde353812c4b4e293791460db2211",
        "sha256:1ce17dcf2acd26f3add82d94a29d264bd72364071a29dccdd335d4c1826e4e98",
        "sha256:2702ab0858bb27cefe684cc01be5f28ca05d204dc60b52efd122434864a347bd",
        "sha256:30eb733770b69593ac31ff84df41455e45bb2e48bf44c1382bc40f10be3e8936",
        "sha256:372204bbb7089ecc99fa984f0ef6c06063dcf6ac1abf0d896605486a2cdf5779",
        "sha256:47e6ce2aed95aa2f55b9a967f34f82cf170ff2c0e126d3422ede106dbfe4922c",
        "sha256:4bb401bf8477b685d933670bcec6b430b8e8025cd68da1e6bacfd57f6d8191d5",
        "sha256:4efa441fc54d3f2300c6ce48f9e44ed9850f2627c0ebeaa320b206b470679e63",
        "sha256:5054c25a9b923d33f54e7bbab8c5be669db94b9bab87e348439bf85f3d644825",
        "sha256:708623d4e4503fee4cd9c727d471ab6918b664e177fbe413b0ddd2debb45437a",
        "sha256:74acd1e52235fa46a3ede5c34f33adf8bad4050bbf44ec04d76369c4aed9041e",
        "sha256:8235975d943587b4d17fc10e860b11d9248f58c0b74e95f911bd70b24542c630",
        "sha256:8abfca6b34c8a03608ca9c6e54e315c30d240cc3aae942a412c52742d15a089b",
        "sha256:930164882db523020c7660b12a7f3b0d9266781012004fa2e8ad6150412493e1",
        "sha256:964bdc3f8ff4a5e66ab2685e001b78f6ca2ce68fe4817842f4f342abad2fddbb",
        "sha256:a6d03f65c079e98fcd635f19c65c0ddb7b06f1069332fb87c74e36d7c3ca883d",
        "sha256:bd4f7e2b43187d4fc5095fb01fe7b7868a777eb12315ff1ac07e3243fd4493e8",
        "sha256:c85962bf1d6f52b9d5d2e727a4e3c558a6b00cecadea29141f122f6c83147cca",
        "sha256:c96963e1db238014525f924d5d5058ee9386e129c82f24cc63fead41902e1c06",
        "sha256:cb65e2d67980419072379abef1e5b1d3b11931082bc038b0295d35a56376c3d5",
        "sha256:d6733ddaf0b2db54f334a2e881f1112be0ff48f113c96bcd88d1aec1ff871ca8",
        "sha256:e0c6510716e5cb2abf11abcbe06338283b01690955342e78a76fcb9953b7e3ba",
        "sha256:e1866a1a5ea8c7bb213b0c3c7a7b97cd6d9a3ca26f2f59e441d47fa9720fb399",
        "sha256:e8a06581627b6712f19c60241b7c14c2bb29ce86ef04f791379a79f1b249a128"
      ],
      "markers": "python_version >= '3.6'",
      "version": "==2.4.4"
    },
    "thinc": {
      "hashes": [
        "sha256:02efa62df57106f31021cc7dc0554bb4012ab156abf41ba93b303ec91da6b60f",
        "sha256:0af471505d04ea1d2e788ce14d76925492cacfaa38eceeba54f318dc0876fdfb",
        "sha256:10ee209aed8870bccca0e88996e8c8fafb4853cb5c704ca2addfe48c2072f369",
        "sha256:147dd04bc5a87f9d48d44292632663dee064d6e199a47dfaa3bb9a2a668f31b5",
        "sha256:14abcbbc4b76b79aa39ae8922128574bba6cfe88734412922d1581ec30e69219",
        "sha256:1da80e4bb09604e422a21be24abf6f496573b096bbd146049a2081b15e9fdc04",
        "sha256:2f27f4ef150e82847615984f9eff90f83f438093b9b1f6e5fcdaf37ece95b4e8",
        "sha256:3f74963cbc4c8b9dd4a0903452d422cf19c1460edc3c64efe708473833fa8210",
        "sha256:499bc871d6710cbd950b972a0155dbadcffc5995fafdf6a8b1a3794fb5c55521",
        "sha256:5c8aa54fb0a10b95f6e050dee52af385804d359673ebe9557fe9f3675aa3225b",
        "sha256:5f24ce11d7f7c87173d0c90c20a31548e28fc46d09bea16c6e00f40f15e0aa01",
        "sha256:7816f843be58b6d645b990d9638bc345a0d2fee7657bb1b1e8956a8b14d5c61a",
        "sha256:91da35a2a529720bb1cd85f7b821972908931283a495d3ce7bd6b2bd191d830d",
        "sha256:9bc5d5bf543c9357c555d34bcfdb84ce50807443072e31088c23d3401dcd35ed",
        "sha256:a8612f4b28746b6eea910f85dfed131b9cc6bf0ae76d1a8521e0b3f30b0493bd",
        "sha256:adaab1c4838e1ddbd8618593cd86c01ff1c1d614b6004cf8139ae4434a4ac096",
        "sha256:b23e9ae90cdd368de5da802472ca893ef06b8874a5d5c9e058978b975bdaabc8",
        "sha256:b3e12f270ac15d7e9676f1312d2e9217b4e9366de4bbff13cbafe310dc06f539",
        "sha256:c6088e8d61b17419a2ea963cacb32f8a7df2100f48af668edc820cf0709a7e28",
        "sha256:c9f2393d25e4b90b24226329fa561ae6e034a6e3721590bcb2c46f82a67a091d",
        "sha256:e2dea427e0e05901ce481dd78adac78abf5f971f0e41b284da5163f41a964631",
        "sha256:ebaf5676cb8ee05734534e2dda6a3d657e625ab60635be052b4164a444189625",
        "sha256:f35a286bc614fc43ea11ded38fc6163225155144f593604aab243594e11fd442"
      ],
      "markers": "python_version >= '3.6'",
      "version": "==8.1.2"
    },
    "tinydb": {
      "hashes": [
        "sha256:357eb7383dee6915f17b00596ec6dd2a890f3117bf52be28a4c516aeee581100",
        "sha256:e2cdf6e2dad49813e9b5fceb3c7943387309a8738125fbff0b58d248a033f7a9"
      ],
      "index": "pypi",
      "version": "==4.7.0"
    },
    "torch": {
      "hashes": [
        "sha256:03e31c37711db2cd201e02de5826de875529e45a55631d317aadce2f1ed45aa8",
        "sha256:0b44601ec56f7dd44ad8afc00846051162ef9c26a8579dda0a02194327f2d55e",
        "sha256:42e115dab26f60c29e298559dbec88444175528b729ae994ec4c65d56fe267dd",
        "sha256:42f639501928caabb9d1d55ddd17f07cd694de146686c24489ab8c615c2871f2",
        "sha256:4e1b9c14cf13fd2ab8d769529050629a0e68a6fc5cb8e84b4a3cc1dd8c4fe541",
        "sha256:68104e4715a55c4bb29a85c6a8d57d820e0757da363be1ba680fa8cc5be17b52",
        "sha256:69fe2cae7c39ccadd65a123793d30e0db881f1c1927945519c5c17323131437e",
        "sha256:6cf6f54b43c0c30335428195589bd00e764a6d27f3b9ba637aaa8c11aaf93073",
        "sha256:743784ccea0dc8f2a3fe6a536bec8c4763bd82c1352f314937cb4008d4805de1",
        "sha256:8a34a2fbbaa07c921e1b203f59d3d6e00ed379f2b384445773bd14e328a5b6c8",
        "sha256:976c3f997cea38ee91a0dd3c3a42322785414748d1761ef926b789dfa97c6134",
        "sha256:9b356aea223772cd754edb4d9ecf2a025909b8615a7668ac7d5130f86e7ec421",
        "sha256:9c038662db894a23e49e385df13d47b2a777ffd56d9bcd5b832593fab0a7e286",
        "sha256:a8320ba9ad87e80ca5a6a016e46ada4d1ba0c54626e135d99b2129a4541c509d",
        "sha256:b5dbcca369800ce99ba7ae6dee3466607a66958afca3b740690d88168752abcf",
        "sha256:bfec2843daa654f04fda23ba823af03e7b6f7650a873cdb726752d0e3718dada",
        "sha256:cd26d8c5640c3a28c526d41ccdca14cf1cbca0d0f2e14e8263a7ac17194ab1d2",
        "sha256:e9c8f4a311ac29fc7e8e955cfb7733deb5dbe1bdaabf5d4af2765695824b7e0d",
        "sha256:f00c721f489089dc6364a01fd84906348fe02243d0af737f944fddb36003400d",
        "sha256:f3b52a634e62821e747e872084ab32fbcb01b7fa7dbb7471b6218279f02a178a"
      ],
      "index": "pypi",
      "version": "==1.12.1"
    },
    "tqdm": {
      "hashes": [
        "sha256:5f4f682a004951c1b450bc753c710e9280c5746ce6ffedee253ddbcbf54cf1e4",
        "sha256:6fee160d6ffcd1b1c68c65f14c829c22832bc401726335ce92c52d395944a6a1"
      ],
      "markers": "python_version >= '2.7' and python_version not in '3.0, 3.1, 3.2, 3.3'",
      "version": "==4.64.1"
    },
    "typer": {
      "hashes": [
        "sha256:023bae00d1baf358a6cc7cea45851639360bb716de687b42b0a4641cd99173f1",
        "sha256:b8261c6c0152dd73478b5ba96ba677e5d6948c715c310f7c91079f311f62ec03"
      ],
      "markers": "python_version >= '3.6'",
      "version": "==0.4.2"
    },
    "typing-extensions": {
      "hashes": [
        "sha256:25642c956049920a5aa49edcdd6ab1e06d7e5d467fc00e0506c44ac86fbfca02",
        "sha256:e6d2677a32f47fc7eb2795db1dd15c1f34eff616bcaf2cfb5e997f854fa1c4a6"
      ],
      "markers": "python_version >= '3.7'",
      "version": "==4.3.0"
    },
    "urllib3": {
      "hashes": [
        "sha256:3fa96cf423e6987997fc326ae8df396db2a8b7c667747d47ddd8ecba91f4a74e",
        "sha256:b930dd878d5a8afb066a637fbb35144fe7901e3b209d1cd4f524bd0e9deee997"
      ],
      "markers": "python_version >= '2.7' and python_version not in '3.0, 3.1, 3.2, 3.3, 3.4, 3.5' and python_version < '4.0'",
      "version": "==1.26.12"
    },
    "wasabi": {
      "hashes": [
        "sha256:c8e372781be19272942382b14d99314d175518d7822057cb7a97010c4259d249",
        "sha256:fe862cc24034fbc9f04717cd312ab884f71f51a8ecabebc3449b751c2a649d83"
      ],
      "version": "==0.10.1"
    },
    "wheel": {
      "hashes": [
        "sha256:4bdcd7d840138086126cd09254dc6195fb4fc6f01c050a1d7236f2630db1d22a",
        "sha256:e9a504e793efbca1b8e0e9cb979a249cf4a0a7b5b8c9e8b65a5e39d49529c1c4"
      ],
      "index": "pypi",
      "version": "==0.37.1"
    }
  },
  "develop": {
    "cx-freeze": {
      "hashes": [
        "sha256:08a537681dcd1bcde9742584e91d86ef001fe798386f2834a904652d5b2a468a",
        "sha256:1438db6d59be86e8483ea2bf2ff2f81374ca63d8a1d3a84706173cc1b98dd46f",
        "sha256:2be07ffce2dba23618cf736476df6f9837d9887c85f4f92fb3fbfcd090de041a",
        "sha256:59b4cb77f5c82613efbec03815b952a6fe73d4a1805bb370d57a8a1130a181ca",
        "sha256:770e911f70b48e4f309a47e02aaa7e1f6dc659fd1c486f3eebe5c9e9fe70aec2",
        "sha256:8d936a872c124c2e2a40da2e898e4fa0d225a165ab606217f75136c14ee8e673",
        "sha256:9c4b491affd10065bcdd20dc0ab5239f787affe6d61857811a937ed266faa213",
        "sha256:a4d2cb00eec6bc72a419370b5b0b5d0f3adf4d8417eb89228981d470cf4c6af6",
        "sha256:e5b71bf57b9881ac142fbebeae2c8b0d3294b56f6e48ab64032321e3b1a2ba27",
        "sha256:ec752333fa2e40347902730662785da0ec4576cec976552784a6f60a7a07b45d",
        "sha256:f03928cbcf8282e688dc1f9fa421044c24f5b7492a7b0fe7f45d5cc6f24c1ebf"
      ],
      "index": "pypi",
      "version": "==6.10"
    },
    "importlib-metadata": {
      "hashes": [
        "sha256:da31db32b304314d044d3c12c79bd59e307889b287ad12ff387b3500835fc2ab",
        "sha256:ddb0e35065e8938f867ed4928d0ae5bf2a53b7773871bfe6bcc7e4fcdc7dea43"
      ],
      "markers": "python_version < '3.10'",
      "version": "==5.0.0"
    },
    "wheel": {
      "hashes": [
        "sha256:4bdcd7d840138086126cd09254dc6195fb4fc6f01c050a1d7236f2630db1d22a",
        "sha256:e9a504e793efbca1b8e0e9cb979a249cf4a0a7b5b8c9e8b65a5e39d49529c1c4"
      ],
      "index": "pypi",
      "version": "==0.37.1"
    },
    "zipp": {
      "hashes": [
        "sha256:05b45f1ee8f807d0cc928485ca40a07cb491cf092ff587c0df9cb1fd154848d2",
        "sha256:47c40d7fe183a6f21403a199b3e4192cca5774656965b0a4988ad2f8feb5f009"
      ],
      "markers": "python_version >= '3.7'",
      "version": "==3.8.1"
    }
  }
}
