{
  "_meta": {
    "hash": {
      "sha256": "745d8b990cd0a0f8544d8b47219622efc5d9c972a3df4c37a4b0f7b8a9070bee"
    },
    "pipfile-spec": 6,
    "requires": {
      "python_version": "3.9.10"
    },
    "sources": [
      {
        "name": "pypi",
        "url": "https://pypi.org/simple",
        "verify_ssl": true
      }
    ]
  },
  "default": {
    "beautifulsoup4": {
      "hashes": [
        "sha256:034740f6cb549b4e932ae1ab975581e6103ac8f942200a0e9759065984391858",
        "sha256:945065979fb8529dd2f37dbb58f00b661bdbcbebf954f93b32fdf5263ef35348",
        "sha256:ba6d5c59906a85ac23dadfe5c88deaf3e179ef565f4898671253e50a78680718"
      ],
      "index": "pypi",
      "version": "==4.7.1"
    },
    "certifi": {
      "hashes": [
        "sha256:0d9c601124e5a6ba9712dbc60d9c53c21e34f5f641fe83002317394311bdce14",
        "sha256:90c1a32f1d68f940488354e36370f6cca89f0f106db09518524c88d6ed83f382"
      ],
      "markers": "python_version >= '3.6'",
      "version": "==2022.9.24"
    },
    "charset-normalizer": {
      "hashes": [
        "sha256:5a3d016c7c547f69d6f81fb0db9449ce888b418b5b9952cc5e6e66843e9dd845",
        "sha256:83e9a75d1911279afd89352c68b45348559d1fc0506b054b346651b5e7fee29f"
      ],
      "markers": "python_version >= '3.6'",
      "version": "==2.1.1"
    },
    "cx-freeze": {
      "hashes": [
        "sha256:0a3e32980269cfabc2e814978bfdf4382fe3cbc9ac64f9f1bdb1cd2ddf3a40d0",
        "sha256:1f56f618a23d86bdcfff22b29ec993117effd32a401060013105517301c0bf32",
        "sha256:3a68e70dcb27b0720b131a35c5fdd096012fe00119a8e51d935f3fb3cd251c39",
        "sha256:4edfb5d65afb11eb9f0326d40d15445366481585705b3096f2cd090e30a36247",
        "sha256:5aa1759098ca4853200a79138b626a9caa2ccf829d662b28c82ec7e71ea97cde",
        "sha256:6f7bde925042d8843af9b6242a1bf3865dbbae088f3183a89a575124ec2e14a4",
        "sha256:7698fb82b6f84b3426774b5f3bee770601f26b612306319664a02f1ec5160861",
        "sha256:7962680ae04ee3afda1012026b5394a534e2526b68681d591158b7d8bc733bcf",
        "sha256:798bb7ca037c3c885efd3eda6756c84c7927c712b730b22a7f256440faa36d38",
        "sha256:7c1cb44379b2093cbdde77e302a376f29aa61999c73be6e8a559463db84b85c4",
        "sha256:87dcf5ceb78dc6af910c45238128fda2394b7c430d3fa469e87e1efdeeb5d4cc",
        "sha256:8f3a30c9e3394f290655e346d3b460910656b30ac6347a87499bb5ad365c6e7c",
        "sha256:971c0a8356ef0ee09a3097f9c9d5b52cde6d08d1ef80e997eb4a6e22fe0eff2f",
        "sha256:9848c975401b21a98aa896baabfed067c3e981afd5b5b0a8a5eabe5c9f23d3c5",
        "sha256:aaf399b6ed5d54b7271980ae354605620bedcd52d722f57ad527bd989c56a875",
        "sha256:b99cc0b6d6c1ba51bd9fe11dbfae9aabcf089ba779ea86d83d280e2e40f484e7",
        "sha256:bc90d6dbde66e8ddfe6b26f63fb2ea7d6d0e4568205f40660a63b8b200dcabcf",
        "sha256:cfb5a8032bf424c04814c9426425fa1db4cf8c280da948969eead9f616c0fd92",
        "sha256:d5aafcc6337856d5921b20f41acdcc8d0fe770388f3a072eb25163f8825f6c5d",
        "sha256:da4f82fe27e71571c0ab9d700b5e6c6c631ae39133d9b6d7157939f1e9f37312",
        "sha256:dd293382e1ad270dddf5a2707db5dbb8600a1e0b0c9b0da7af9d61326eb1b325",
        "sha256:e372b9e72ac0e2207ee65a9d404e2669da1134dc37f5ace9a2a779099d3aa868",
        "sha256:f0dfe6acf25eb096faba7d4b4b001bcd0f818e372ea1f05d900665b0ad82b0b9",
        "sha256:fb74d8cc1f8c658986acc19ea6875b985a979421f9bb9c310b43cd2ff5d90c44",
        "sha256:feec2f36bce042da6a0d92690bc592b0dcec29218adc2278535cd13b28ec3485"
      ],
      "index": "pypi",
      "version": "==6.11.1"
    },
    "idna": {
      "hashes": [
        "sha256:814f528e8dead7d329833b91c5faa87d60bf71824cd12a7530b5526063d02cb4",
        "sha256:90b77e79eaa3eba6de819a0c442c0b4ceefc341a7a2ab77d7562bf49f425c5c2"
      ],
      "markers": "python_version >= '3.5'",
      "version": "==3.4"
    },
    "importlib-metadata": {
      "hashes": [
        "sha256:da31db32b304314d044d3c12c79bd59e307889b287ad12ff387b3500835fc2ab",
        "sha256:ddb0e35065e8938f867ed4928d0ae5bf2a53b7773871bfe6bcc7e4fcdc7dea43"
      ],
      "markers": "python_version < '3.10'",
      "version": "==5.0.0"
    },
    "packaging": {
      "hashes": [
        "sha256:dd47c42927d89ab911e606518907cc2d3a1f38bbd026385970643f9c5b8ecfeb",
        "sha256:ef103e05f519cdc783ae24ea4e2e0f508a9c99b2d4969652eed6a2e1ea5bd522"
      ],
      "markers": "python_version >= '3.6'",
      "version": "==21.3"
    },
    "patchelf": {
      "hashes": [
        "sha256:08e5e30a9415a8628de47726fbf15bfcd89be35df51c8a0a12372aebd0c5b4f6",
        "sha256:0f8dcf0df0ba919ce37e8aef67a08bde5326897098451df94ab3a5eedc9e08d9",
        "sha256:4ce9d08119816bc4316c8ecc5f33da42384934fc0fc9cfbdded53a4930705466",
        "sha256:52e48c08110f2988a9761a5a383f7ae35b1e8e06a140e320d18386d3510697ed",
        "sha256:ae19b0f91aabc9af2608a4ca0395533f1df9122e6abc11ef2c8db6e4db0f98c2",
        "sha256:f3f87aee44d1d1b2209e38c4227b0316bb03538df68d20b3d96205aa87868d95"
      ],
      "markers": "sys_platform == 'linux'",
      "version": "==0.15.0.0"
    },
    "pyparsing": {
      "hashes": [
        "sha256:2b020ecf7d21b687f219b71ecad3631f644a47f01403fa1d1036b0c6416d70fb",
        "sha256:5026bae9a10eeaefb61dab2f09052b9f4307d44aee4eda64b309723d8d206bbc"
      ],
      "markers": "python_full_version >= '3.6.8'",
      "version": "==3.0.9"
    },
    "pytube": {
      "hashes": [
        "sha256:2a32f3475f063d25e7b7a7434a93b51d59aadbbda7ed24af48f097b2876c0964",
        "sha256:9190f5e13b05a4fc1586eedd46f7164c3a4318607d455a1f7c126699ddde724f"
      ],
      "index": "pypi",
      "version": "==9.5.0"
    },
    "requests": {
      "hashes": [
        "sha256:7c5599b102feddaa661c826c56ab4fee28bfd17f5abca1ebbe3e7f19d7c97983",
        "sha256:8fefa2a1a1365bf5520aac41836fbee479da67864514bdb821f31ce07ce65349"
      ],
      "index": "pypi",
      "version": "==2.28.1"
    },
    "setuptools": {
      "hashes": [
        "sha256:6599055eeb23bfef457d5605d33a4d68804266e6cb430b0fb12417c5efeae36c",
        "sha256:782ef48d58982ddb49920c11a0c5c9c0b02e7d7d1c2ad0aa44e1a1e133051c96"
      ],
      "index": "pypi",
      "version": "==60.10.0"
    },
    "soupsieve": {
      "hashes": [
        "sha256:3b2503d3c7084a42b1ebd08116e5f81aadfaea95863628c80a3b774a11b7c759",
        "sha256:fc53893b3da2c33de295667a0e19f078c14bf86544af307354de5fcf12a3f30d"
      ],
      "markers": "python_version >= '3.6'",
      "version": "==2.3.2.post1"
    },
    "tinydb": {
      "hashes": [
        "sha256:357eb7383dee6915f17b00596ec6dd2a890f3117bf52be28a4c516aeee581100",
        "sha256:e2cdf6e2dad49813e9b5fceb3c7943387309a8738125fbff0b58d248a033f7a9"
      ],
      "index": "pypi",
      "version": "==4.7.0"
    },
    "urllib3": {
      "hashes": [
        "sha256:3fa96cf423e6987997fc326ae8df396db2a8b7c667747d47ddd8ecba91f4a74e",
        "sha256:b930dd878d5a8afb066a637fbb35144fe7901e3b209d1cd4f524bd0e9deee997"
      ],
      "markers": "python_version >= '2.7' and python_version not in '3.0, 3.1, 3.2, 3.3, 3.4, 3.5' and python_version < '4'",
      "version": "==1.26.12"
    },
    "wheel": {
      "hashes": [
        "sha256:4bdcd7d840138086126cd09254dc6195fb4fc6f01c050a1d7236f2630db1d22a",
        "sha256:e9a504e793efbca1b8e0e9cb979a249cf4a0a7b5b8c9e8b65a5e39d49529c1c4"
      ],
      "index": "pypi",
      "version": "==0.37.1"
    },
    "zipp": {
      "hashes": [
        "sha256:05b45f1ee8f807d0cc928485ca40a07cb491cf092ff587c0df9cb1fd154848d2",
        "sha256:47c40d7fe183a6f21403a199b3e4192cca5774656965b0a4988ad2f8feb5f009"
      ],
      "markers": "python_version >= '3.7'",
      "version": "==3.8.1"
    }
  },
  "develop": {}
}
