{
  "_meta": {
    "hash": {
      "sha256": "37c3a314674246174b404671a0476a81722f81c4262fcad479895e8d7db69e73"
    },
    "pipfile-spec": 6,
    "requires": {
      "python_version": "3.9.10"
    },
    "sources": [
      {
        "name": "pypi",
        "url": "https://pypi.org/simple",
        "verify_ssl": true
      }
    ]
  },
  "default": {
    "beautifulsoup4": {
      "hashes": [
        "sha256:034740f6cb549b4e932ae1ab975581e6103ac8f942200a0e9759065984391858",
        "sha256:945065979fb8529dd2f37dbb58f00b661bdbcbebf954f93b32fdf5263ef35348",
        "sha256:ba6d5c59906a85ac23dadfe5c88deaf3e179ef565f4898671253e50a78680718"
      ],
      "index": "pypi",
      "version": "==4.7.1"
    },
    "certifi": {
      "hashes": [
        "sha256:0d9c601124e5a6ba9712dbc60d9c53c21e34f5f641fe83002317394311bdce14",
        "sha256:90c1a32f1d68f940488354e36370f6cca89f0f106db09518524c88d6ed83f382"
      ],
      "markers": "python_version >= '3.6'",
      "version": "==2022.9.24"
    },
    "charset-normalizer": {
      "hashes": [
        "sha256:5a3d016c7c547f69d6f81fb0db9449ce888b418b5b9952cc5e6e66843e9dd845",
        "sha256:83e9a75d1911279afd89352c68b45348559d1fc0506b054b346651b5e7fee29f"
      ],
      "markers": "python_version >= '3.6'",
      "version": "==2.1.1"
    },
    "cx-freeze": {
      "hashes": [
        "sha256:08a537681dcd1bcde9742584e91d86ef001fe798386f2834a904652d5b2a468a",
        "sha256:1438db6d59be86e8483ea2bf2ff2f81374ca63d8a1d3a84706173cc1b98dd46f",
        "sha256:2be07ffce2dba23618cf736476df6f9837d9887c85f4f92fb3fbfcd090de041a",
        "sha256:59b4cb77f5c82613efbec03815b952a6fe73d4a1805bb370d57a8a1130a181ca",
        "sha256:770e911f70b48e4f309a47e02aaa7e1f6dc659fd1c486f3eebe5c9e9fe70aec2",
        "sha256:8d936a872c124c2e2a40da2e898e4fa0d225a165ab606217f75136c14ee8e673",
        "sha256:9c4b491affd10065bcdd20dc0ab5239f787affe6d61857811a937ed266faa213",
        "sha256:a4d2cb00eec6bc72a419370b5b0b5d0f3adf4d8417eb89228981d470cf4c6af6",
        "sha256:e5b71bf57b9881ac142fbebeae2c8b0d3294b56f6e48ab64032321e3b1a2ba27",
        "sha256:ec752333fa2e40347902730662785da0ec4576cec976552784a6f60a7a07b45d",
        "sha256:f03928cbcf8282e688dc1f9fa421044c24f5b7492a7b0fe7f45d5cc6f24c1ebf"
      ],
      "index": "pypi",
      "version": "==6.10"
    },
    "idna": {
      "hashes": [
        "sha256:814f528e8dead7d329833b91c5faa87d60bf71824cd12a7530b5526063d02cb4",
        "sha256:90b77e79eaa3eba6de819a0c442c0b4ceefc341a7a2ab77d7562bf49f425c5c2"
      ],
      "markers": "python_version >= '3.5'",
      "version": "==3.4"
    },
    "importlib-metadata": {
      "hashes": [
        "sha256:da31db32b304314d044d3c12c79bd59e307889b287ad12ff387b3500835fc2ab",
        "sha256:ddb0e35065e8938f867ed4928d0ae5bf2a53b7773871bfe6bcc7e4fcdc7dea43"
      ],
      "markers": "python_version < '3.10'",
      "version": "==5.0.0"
    },
    "pytube": {
      "hashes": [
        "sha256:2a32f3475f063d25e7b7a7434a93b51d59aadbbda7ed24af48f097b2876c0964",
        "sha256:9190f5e13b05a4fc1586eedd46f7164c3a4318607d455a1f7c126699ddde724f"
      ],
      "index": "pypi",
      "version": "==9.5.0"
    },
    "requests": {
      "hashes": [
        "sha256:7c5599b102feddaa661c826c56ab4fee28bfd17f5abca1ebbe3e7f19d7c97983",
        "sha256:8fefa2a1a1365bf5520aac41836fbee479da67864514bdb821f31ce07ce65349"
      ],
      "index": "pypi",
      "version": "==2.28.1"
    },
    "setuptools": {
      "hashes": [
        "sha256:2347b2b432c891a863acadca2da9ac101eae6169b1d3dfee2ec605ecd50dbfe5",
        "sha256:e4f30b9f84e5ab3decf945113119649fec09c1fc3507c6ebffec75646c56e62b"
      ],
      "index": "pypi",
      "version": "==60.9.3"
    },
    "soupsieve": {
      "hashes": [
        "sha256:3b2503d3c7084a42b1ebd08116e5f81aadfaea95863628c80a3b774a11b7c759",
        "sha256:fc53893b3da2c33de295667a0e19f078c14bf86544af307354de5fcf12a3f30d"
      ],
      "markers": "python_version >= '3.6'",
      "version": "==2.3.2.post1"
    },
    "tinydb": {
      "hashes": [
        "sha256:357eb7383dee6915f17b00596ec6dd2a890f3117bf52be28a4c516aeee581100",
        "sha256:e2cdf6e2dad49813e9b5fceb3c7943387309a8738125fbff0b58d248a033f7a9"
      ],
      "index": "pypi",
      "version": "==4.7.0"
    },
    "urllib3": {
      "hashes": [
        "sha256:3fa96cf423e6987997fc326ae8df396db2a8b7c667747d47ddd8ecba91f4a74e",
        "sha256:b930dd878d5a8afb066a637fbb35144fe7901e3b209d1cd4f524bd0e9deee997"
      ],
      "markers": "python_version >= '2.7' and python_version not in '3.0, 3.1, 3.2, 3.3, 3.4, 3.5' and python_version < '4.0'",
      "version": "==1.26.12"
    },
    "wheel": {
      "hashes": [
        "sha256:4bdcd7d840138086126cd09254dc6195fb4fc6f01c050a1d7236f2630db1d22a",
        "sha256:e9a504e793efbca1b8e0e9cb979a249cf4a0a7b5b8c9e8b65a5e39d49529c1c4"
      ],
      "index": "pypi",
      "version": "==0.37.1"
    },
    "zipp": {
      "hashes": [
        "sha256:05b45f1ee8f807d0cc928485ca40a07cb491cf092ff587c0df9cb1fd154848d2",
        "sha256:47c40d7fe183a6f21403a199b3e4192cca5774656965b0a4988ad2f8feb5f009"
      ],
      "markers": "python_version >= '3.7'",
      "version": "==3.8.1"
    }
  },
  "develop": {}
}
