{
    "_meta": {
        "hash": {
            "sha256": "ea28410fac73af53495df76106e2b7aed0292f3d0f81e8b3c151932e133dceac"
        },
        "pipfile-spec": 6,
        "requires": {},
        "sources": [
            {
                "name": "pypi",
                "url": "https://pypi.org/simple",
                "verify_ssl": true
            }
        ]
    },
    "default": {
        "beautifulsoup4": {
            "hashes": [
                "sha256:034740f6cb549b4e932ae1ab975581e6103ac8f942200a0e9759065984391858",
                "sha256:945065979fb8529dd2f37dbb58f00b661bdbcbebf954f93b32fdf5263ef35348",
                "sha256:ba6d5c59906a85ac23dadfe5c88deaf3e179ef565f4898671253e50a78680718"
            ],
            "index": "pypi",
            "version": "==4.7.1"
        },
        "certifi": {
            "hashes": [
                "sha256:59b7658e26ca9c7339e00f8f4636cdfe59d34fa37b9b04f6f9e9926b3cece1a5",
                "sha256:b26104d6835d1f5e49452a26eb2ff87fe7090b89dfcaee5ea2212697e1e1d7ae"
            ],
            "version": "==2019.3.9"
        },
        "chardet": {
            "hashes": [
                "sha256:84ab92ed1c4d4f16916e05906b6b75a6c0fb5db821cc65e70cbd64a3e2a5eaae",
                "sha256:fc323ffcaeaed0e0a02bf4d117757b98aed530d9ed4531e3e15460124c106691"
            ],
            "version": "==3.0.4"
        },
        "idna": {
            "hashes": [
                "sha256:c357b3f628cf53ae2c4c05627ecc484553142ca23264e593d327bcde5e9c3407",
                "sha256:ea8b7f6188e6fa117537c3df7da9fc686d485087abf6ac197f9c46432f7e4a3c"
            ],
            "version": "==2.8"
        },
        "inflect": {
            "hashes": [
                "sha256:4ded1b2a6fcf0fc0397419c7727f131a93b67b80d899f2973be7758628e12b73",
                "sha256:a82b671b043ddba98ea8b2cf000b31e8b41e9197b3151567239f3bbe215dab7e"
            ],
            "version": "==2.1.0"
        },
        "jaraco.itertools": {
            "hashes": [
                "sha256:6ac7fcd4af4a37c1751512d52e4e57b8d532457fd2b32b6a1fd3ab5a194921f5",
                "sha256:fdc00c2755a5abac65484d431098e44e163af57fae05d284bf8af9329d43bd7f"
            ],
            "version": "==4.4.2"
        },
        "more-itertools": {
            "hashes": [
                "sha256:2112d2ca570bb7c3e53ea1a35cd5df42bb0fd10c45f0fb97178679c3c03d64c7",
                "sha256:c3e4748ba1aad8dba30a4886b0b1a2004f9a863837b8654e7059eebf727afa5a"
            ],
            "version": "==7.0.0"
        },
        "pytube": {
            "hashes": [
                "sha256:2a32f3475f063d25e7b7a7434a93b51d59aadbbda7ed24af48f097b2876c0964",
                "sha256:9190f5e13b05a4fc1586eedd46f7164c3a4318607d455a1f7c126699ddde724f"
            ],
            "index": "pypi",
            "version": "==9.5.0"
        },
        "requests": {
            "hashes": [
                "sha256:502a824f31acdacb3a35b6690b5fbf0bc41d63a24a45c4004352b0242707598e",
                "sha256:7bf2a778576d825600030a110f3c0e3e8edc51dfaafe1c146e39a2027784957b"
            ],
            "index": "pypi",
            "version": "==2.21.0"
        },
        "six": {
            "hashes": [
                "sha256:3350809f0555b11f552448330d0b52d5f24c91a322ea4a15ef22629740f3761c",
                "sha256:d16a0141ec1a18405cd4ce8b4613101da75da0e9a7aec5bdd4fa804d0e0eba73"
            ],
            "version": "==1.12.0"
        },
        "soupsieve": {
            "hashes": [
                "sha256:6898e82ecb03772a0d82bd0d0a10c0d6dcc342f77e0701d0ec4a8271be465ece",
                "sha256:b20eff5e564529711544066d7dc0f7661df41232ae263619dede5059799cdfca"
            ],
            "version": "==1.9.1"
        },
        "tinydb": {
            "hashes": [
                "sha256:67b3b302fc86e0139db545d5abd65bf0e1dadaecee63bd1ff3fe2169810d5387",
                "sha256:e7d939c52710ee4354bb619b9bed05ae6192645f1520f13d8fcf4f06b5590e02"
            ],
            "index": "pypi",
            "version": "==3.9.0"
        },
        "urllib3": {
            "hashes": [
                "sha256:2393a695cd12afedd0dcb26fe5d50d0cf248e5a66f75dbd89a3d4eb333a61af4",
                "sha256:a637e5fae88995b256e3409dc4d52c2e2e0ba32c42a6365fee8bbd2238de3cfb"
            ],
            "version": "==1.24.3"
        },
        "wikipedia": {
            "hashes": [
                "sha256:db0fad1829fdd441b1852306e9856398204dc0786d2996dd2e0c8bb8e26133b2"
            ],
            "index": "pypi",
            "version": "==1.4.0"
        },
        "wolframalpha": {
            "hashes": [
                "sha256:35c68635c9460a25f3e7b3b3b5498d2d7a4d05667f7e30a3007b0e1c611f2599",
                "sha256:e1eef0cbee3cd5387cae8f112a5464e951161facf1e37f61ca98d77e7a4c01fa"
            ],
            "index": "pypi",
            "version": "==3.0.1"
        },
        "xmltodict": {
            "hashes": [
                "sha256:50d8c638ed7ecb88d90561beedbf720c9b4e851a9fa6c47ebd64e99d166d8a21",
                "sha256:8bbcb45cc982f48b2ca8fe7e7827c5d792f217ecf1792626f808bf41c3b86051"
            ],
            "version": "==0.12.0"
        }
    },
    "develop": {}
}
